
Microsoft Visual Studio Solution File, Format Version 12.00
Project("{FAE04EC0-301F-11D3-BF4B-00C04F79EFBC}") = "StudentPaddy.Models", "StudentPaddy.Models\StudentPaddy.Models.csproj", "{95FBDAE5-7D81-4F7A-AABB-36719755FBA8}"
EndProject
Project("{FAE04EC0-301F-11D3-BF4B-00C04F79EFBC}") = "GetEmployed", "GetEmployed\GetEmployed.csproj", "{88868AF8-4237-4E3F-AB60-00ECFB01957D}"
EndProject
Global
	GlobalSection(SolutionConfigurationPlatforms) = preSolution
		Debug|Any CPU = Debug|Any CPU
		Release|Any CPU = Release|Any CPU
	EndGlobalSection
	GlobalSection(ProjectConfigurationPlatforms) = postSolution
		{95FBDAE5-7D81-4F7A-AABB-36719755FBA8}.Debug|Any CPU.ActiveCfg = Debug|Any CPU
		{95FBDAE5-7D81-4F7A-AABB-36719755FBA8}.Debug|Any CPU.Build.0 = Debug|Any CPU
		{95FBDAE5-7D81-4F7A-AABB-36719755FBA8}.Release|Any CPU.ActiveCfg = Release|Any CPU
		{95FBDAE5-7D81-4F7A-AABB-36719755FBA8}.Release|Any CPU.Build.0 = Release|Any CPU
		{88868AF8-4237-4E3F-AB60-00ECFB01957D}.Debug|Any CPU.ActiveCfg = Debug|Any CPU
		{88868AF8-4237-4E3F-AB60-00ECFB01957D}.Debug|Any CPU.Build.0 = Debug|Any CPU
		{88868AF8-4237-4E3F-AB60-00ECFB01957D}.Release|Any CPU.ActiveCfg = Release|Any CPU
		{88868AF8-4237-4E3F-AB60-00ECFB01957D}.Release|Any CPU.Build.0 = Release|Any CPU
	EndGlobalSection
EndGlobal
